
Microsoft Visual Studio Solution File, Format Version 12.00
# Visual Studio Version 17
VisualStudioVersion = 17.7.34031.279
MinimumVisualStudioVersion = 10.0.40219.1
Project("{FAE04EC0-301F-11D3-BF4B-00C04F79EFBC}") = "WinFormsApp1", "WinFormsApp1.csproj", "{04925E38-FDCC-4203-93B8-B3FB5E3B5807}"
EndProject
Global
	GlobalSection(SolutionConfigurationPlatforms) = preSolution
		Debug|Any CPU = Debug|Any CPU
		Release|Any CPU = Release|Any CPU
	EndGlobalSection
	GlobalSection(ProjectConfigurationPlatforms) = postSolution
		{04925E38-FDCC-4203-93B8-B3FB5E3B5807}.Debug|Any CPU.ActiveCfg = Debug|Any CPU
		{04925E38-FDCC-4203-93B8-B3FB5E3B5807}.Debug|Any CPU.Build.0 = Debug|Any CPU
		{04925E38-FDCC-4203-93B8-B3FB5E3B5807}.Release|Any CPU.ActiveCfg = Release|Any CPU
		{04925E38-FDCC-4203-93B8-B3FB5E3B5807}.Release|Any CPU.Build.0 = Release|Any CPU
	EndGlobalSection
	GlobalSection(SolutionProperties) = preSolution
		HideSolutionNode = FALSE
	EndGlobalSection
	GlobalSection(ExtensibilityGlobals) = postSolution
		SolutionGuid = {4455BD96-EDFB-4E9E-8CA0-E95529056D2A}
	EndGlobalSection
EndGlobal
